// !$*UTF8*$!
{
	archiveVersion = 1;
	classes = {
	};
	objectVersion = 46;
	objects = {

/* Begin PBXBuildFile section */
		686309FB1F2E195900B74F58 /* SkipList.swift in Sources */ = {isa = PBXBuildFile; fileRef = 686309FA1F2E195900B74F58 /* SkipList.swift */; };
		686309FF1F2E1ACF00B74F58 /* Helper.swift in Sources */ = {isa = PBXBuildFile; fileRef = 686309FE1F2E1ACF00B74F58 /* Helper.swift */; };
		68C853D71F2CEF70005D7CEC /* main.swift in Sources */ = {isa = PBXBuildFile; fileRef = 68C853D61F2CEF70005D7CEC /* main.swift */; };
/* End PBXBuildFile section */

/* Begin PBXCopyFilesBuildPhase section */
		68C853D11F2CEF70005D7CEC /* CopyFiles */ = {
			isa = PBXCopyFilesBuildPhase;
			buildActionMask = 2147483647;
			dstPath = /usr/share/man/man1/;
			dstSubfolderSpec = 0;
			files = (
			);
			runOnlyForDeploymentPostprocessing = 1;
		};
/* End PBXCopyFilesBuildPhase section */

/* Begin PBXFileReference section */
		686309FA1F2E195900B74F58 /* SkipList.swift */ = {isa = PBXFileReference; fileEncoding = 4; lastKnownFileType = sourcecode.swift; path = SkipList.swift; sourceTree = "<group>"; };
		686309FE1F2E1ACF00B74F58 /* Helper.swift */ = {isa = PBXFileReference; fileEncoding = 4; lastKnownFileType = sourcecode.swift; path = Helper.swift; sourceTree = "<group>"; };
		68C853D31F2CEF70005D7CEC /* SkipList */ = {isa = PBXFileReference; explicitFileType = "compiled.mach-o.executable"; includeInIndex = 0; path = SkipList; sourceTree = BUILT_PRODUCTS_DIR; };
		68C853D61F2CEF70005D7CEC /* main.swift */ = {isa = PBXFileReference; lastKnownFileType = sourcecode.swift; path = main.swift; sourceTree = "<group>"; };
/* End PBXFileReference section */

/* Begin PBXFrameworksBuildPhase section */
		68C853D01F2CEF70005D7CEC /* Frameworks */ = {
			isa = PBXFrameworksBuildPhase;
			buildActionMask = 2147483647;
			files = (
			);
			runOnlyForDeploymentPostprocessing = 0;
		};
/* End PBXFrameworksBuildPhase section */

/* Begin PBXGroup section */
		68C853CA1F2CEF70005D7CEC = {
			isa = PBXGroup;
			children = (
				68C853D51F2CEF70005D7CEC /* SkipList */,
				68C853D41F2CEF70005D7CEC /* Products */,
			);
			sourceTree = "<group>";
		};
		68C853D41F2CEF70005D7CEC /* Products */ = {
			isa = PBXGroup;
			children = (
				68C853D31F2CEF70005D7CEC /* SkipList */,
			);
			name = Products;
			sourceTree = "<group>";
		};
		68C853D51F2CEF70005D7CEC /* SkipList */ = {
			isa = PBXGroup;
			children = (
				68C853D61F2CEF70005D7CEC /* main.swift */,
				686309FA1F2E195900B74F58 /* SkipList.swift */,
				686309FE1F2E1ACF00B74F58 /* Helper.swift */,
			);
			path = SkipList;
			sourceTree = "<group>";
		};
/* End PBXGroup section */

/* Begin PBXNativeTarget section */
		68C853D21F2CEF70005D7CEC /* SkipList */ = {
			isa = PBXNativeTarget;
			buildConfigurationList = 68C853DA1F2CEF70005D7CEC /* Build configuration list for PBXNativeTarget "SkipList" */;
			buildPhases = (
				68C853CF1F2CEF70005D7CEC /* Sources */,
				68C853D01F2CEF70005D7CEC /* Frameworks */,
				68C853D11F2CEF70005D7CEC /* CopyFiles */,
			);
			buildRules = (
			);
			dependencies = (
			);
			name = SkipList;
			productName = SkipList;
			productReference = 68C853D31F2CEF70005D7CEC /* SkipList */;
			productType = "com.apple.product-type.tool";
		};
/* End PBXNativeTarget section */

/* Begin PBXProject section */
		68C853CB1F2CEF70005D7CEC /* Project object */ = {
			isa = PBXProject;
			attributes = {
				LastSwiftUpdateCheck = 0830;
				LastUpgradeCheck = 0830;
				ORGANIZATIONNAME = "Samuel Sottieaux";
				TargetAttributes = {
					68C853D21F2CEF70005D7CEC = {
						CreatedOnToolsVersion = 8.3.3;
						DevelopmentTeam = QQP2TRDKZL;
						ProvisioningStyle = Automatic;
					};
				};
			};
			buildConfigurationList = 68C853CE1F2CEF70005D7CEC /* Build configuration list for PBXProject "SkipList" */;
			compatibilityVersion = "Xcode 3.2";
			developmentRegion = English;
			hasScannedForEncodings = 0;
			knownRegions = (
				en,
			);
			mainGroup = 68C853CA1F2CEF70005D7CEC;
			productRefGroup = 68C853D41F2CEF70005D7CEC /* Products */;
			projectDirPath = "";
			projectRoot = "";
			targets = (
				68C853D21F2CEF70005D7CEC /* SkipList */,
			);
		};
/* End PBXProject section */

/* Begin PBXSourcesBuildPhase section */
		68C853CF1F2CEF70005D7CEC /* Sources */ = {
			isa = PBXSourcesBuildPhase;
			buildActionMask = 2147483647;
			files = (
				686309FB1F2E195900B74F58 /* SkipList.swift in Sources */,
				68C853D71F2CEF70005D7CEC /* main.swift in Sources */,
				686309FF1F2E1ACF00B74F58 /* Helper.swift in Sources */,
			);
			runOnlyForDeploymentPostprocessing = 0;
		};
/* End PBXSourcesBuildPhase section */

/* Begin XCBuildConfiguration section */
		68C853D81F2CEF70005D7CEC /* Debug */ = {
			isa = XCBuildConfiguration;
			buildSettings = {
				ALWAYS_SEARCH_USER_PATHS = NO;
				CLANG_ANALYZER_NONNULL = YES;
				CLANG_ANALYZER_NUMBER_OBJECT_CONVERSION = YES_AGGRESSIVE;
				CLANG_CXX_LANGUAGE_STANDARD = "gnu++0x";
				CLANG_CXX_LIBRARY = "libc++";
				CLANG_ENABLE_MODULES = YES;
				CLANG_ENABLE_OBJC_ARC = YES;
				CLANG_WARN_BOOL_CONVERSION = YES;
				CLANG_WARN_CONSTANT_CONVERSION = YES;
				CLANG_WARN_DIRECT_OBJC_ISA_USAGE = YES_ERROR;
				CLANG_WARN_DOCUMENTATION_COMMENTS = YES;
				CLANG_WARN_EMPTY_BODY = YES;
				CLANG_WARN_ENUM_CONVERSION = YES;
				CLANG_WARN_INFINITE_RECURSION = YES;
				CLANG_WARN_INT_CONVERSION = YES;
				CLANG_WARN_OBJC_ROOT_CLASS = YES_ERROR;
				CLANG_WARN_SUSPICIOUS_MOVE = YES;
				CLANG_WARN_UNREACHABLE_CODE = YES;
				CLANG_WARN__DUPLICATE_METHOD_MATCH = YES;
				CODE_SIGN_IDENTITY = "-";
				COPY_PHASE_STRIP = NO;
				DEBUG_INFORMATION_FORMAT = dwarf;
				ENABLE_STRICT_OBJC_MSGSEND = YES;
				ENABLE_TESTABILITY = YES;
				GCC_C_LANGUAGE_STANDARD = gnu99;
				GCC_DYNAMIC_NO_PIC = NO;
				GCC_NO_COMMON_BLOCKS = YES;
				GCC_OPTIMIZATION_LEVEL = 0;
				GCC_PREPROCESSOR_DEFINITIONS = (
					"DEBUG=1",
					"$(inherited)",
				);
				GCC_WARN_64_TO_32_BIT_CONVERSION = YES;
				GCC_WARN_ABOUT_RETURN_TYPE = YES_ERROR;
				GCC_WARN_UNDECLARED_SELECTOR = YES;
				GCC_WARN_UNINITIALIZED_AUTOS = YES_AGGRESSIVE;
				GCC_WARN_UNUSED_FUNCTION = YES;
				GCC_WARN_UNUSED_VARIABLE = YES;
				MACOSX_DEPLOYMENT_TARGET = 10.12;
				MTL_ENABLE_DEBUG_INFO = YES;
				ONLY_ACTIVE_ARCH = YES;
				SDKROOT = macosx;
				SWIFT_OPTIMIZATION_LEVEL = "-Onone";
			};
			name = Debug;
		};
		68C853D91F2CEF70005D7CEC /* Release */ = {
			isa = XCBuildConfiguration;
			buildSettings = {
				ALWAYS_SEARCH_USER_PATHS = NO;
				CLANG_ANALYZER_NONNULL = YES;
				CLANG_ANALYZER_NUMBER_OBJECT_CONVERSION = YES_AGGRESSIVE;
				CLANG_CXX_LANGUAGE_STANDARD = "gnu++0x";
				CLANG_CXX_LIBRARY = "libc++";
				CLANG_ENABLE_MODULES = YES;
				CLANG_ENABLE_OBJC_ARC = YES;
				CLANG_WARN_BOOL_CONVERSION = YES;
				CLANG_WARN_CONSTANT_CONVERSION = YES;
				CLANG_WARN_DIRECT_OBJC_ISA_USAGE = YES_ERROR;
				CLANG_WARN_DOCUMENTATION_COMMENTS = YES;
				CLANG_WARN_EMPTY_BODY = YES;
				CLANG_WARN_ENUM_CONVERSION = YES;
				CLANG_WARN_INFINITE_RECURSION = YES;
				CLANG_WARN_INT_CONVERSION = YES;
				CLANG_WARN_OBJC_ROOT_CLASS = YES_ERROR;
				CLANG_WARN_SUSPICIOUS_MOVE = YES;
				CLANG_WARN_UNREACHABLE_CODE = YES;
				CLANG_WARN__DUPLICATE_METHOD_MATCH = YES;
				CODE_SIGN_IDENTITY = "-";
				COPY_PHASE_STRIP = NO;
				DEBUG_INFORMATION_FORMAT = "dwarf-with-dsym";
				ENABLE_NS_ASSERTIONS = NO;
				ENABLE_STRICT_OBJC_MSGSEND = YES;
				GCC_C_LANGUAGE_STANDARD = gnu99;
				GCC_NO_COMMON_BLOCKS = YES;
				GCC_WARN_64_TO_32_BIT_CONVERSION = YES;
				GCC_WARN_ABOUT_RETURN_TYPE = YES_ERROR;
				GCC_WARN_UNDECLARED_SELECTOR = YES;
				GCC_WARN_UNINITIALIZED_AUTOS = YES_AGGRESSIVE;
				GCC_WARN_UNUSED_FUNCTION = YES;
				GCC_WARN_UNUSED_VARIABLE = YES;
				MACOSX_DEPLOYMENT_TARGET = 10.12;
				MTL_ENABLE_DEBUG_INFO = NO;
				SDKROOT = macosx;
			};
			name = Release;
		};
		68C853DB1F2CEF70005D7CEC /* Debug */ = {
			isa = XCBuildConfiguration;
			buildSettings = {
				DEVELOPMENT_TEAM = QQP2TRDKZL;
				PRODUCT_NAME = "$(TARGET_NAME)";
				SWIFT_VERSION = 3.0;
			};
			name = Debug;
		};
		68C853DC1F2CEF70005D7CEC /* Release */ = {
			isa = XCBuildConfiguration;
			buildSettings = {
				DEVELOPMENT_TEAM = QQP2TRDKZL;
				PRODUCT_NAME = "$(TARGET_NAME)";
				SWIFT_VERSION = 3.0;
			};
			name = Release;
		};
/* End XCBuildConfiguration section */

/* Begin XCConfigurationList section */
		68C853CE1F2CEF70005D7CEC /* Build configuration list for PBXProject "SkipList" */ = {
			isa = XCConfigurationList;
			buildConfigurations = (
				68C853D81F2CEF70005D7CEC /* Debug */,
				68C853D91F2CEF70005D7CEC /* Release */,
			);
			defaultConfigurationIsVisible = 0;
			defaultConfigurationName = Release;
		};
		68C853DA1F2CEF70005D7CEC /* Build configuration list for PBXNativeTarget "SkipList" */ = {
			isa = XCConfigurationList;
			buildConfigurations = (
				68C853DB1F2CEF70005D7CEC /* Debug */,
				68C853DC1F2CEF70005D7CEC /* Release */,
			);
			defaultConfigurationIsVisible = 0;
			defaultConfigurationName = Release;
		};
/* End XCConfigurationList section */
	};
	rootObject = 68C853CB1F2CEF70005D7CEC /* Project object */;
}
